
Microsoft Visual Studio Solution File, Format Version 12.00
# Visual Studio Version 16
VisualStudioVersion = 16.0.30503.244
MinimumVisualStudioVersion = 10.0.40219.1
Project("{FAE04EC0-301F-11D3-BF4B-00C04F79EFBC}") = "Angular nested scopes", "Angular nested scopes\Angular nested scopes.csproj", "{8EDDDB43-6977-4766-84A9-81645375612C}"
EndProject
Global
	GlobalSection(SolutionConfigurationPlatforms) = preSolution
		Debug|Any CPU = Debug|Any CPU
		Release|Any CPU = Release|Any CPU
	EndGlobalSection
	GlobalSection(ProjectConfigurationPlatforms) = postSolution
		{8EDDDB43-6977-4766-84A9-81645375612C}.Debug|Any CPU.ActiveCfg = Debug|Any CPU
		{8EDDDB43-6977-4766-84A9-81645375612C}.Debug|Any CPU.Build.0 = Debug|Any CPU
		{8EDDDB43-6977-4766-84A9-81645375612C}.Release|Any CPU.ActiveCfg = Release|Any CPU
		{8EDDDB43-6977-4766-84A9-81645375612C}.Release|Any CPU.Build.0 = Release|Any CPU
	EndGlobalSection
	GlobalSection(SolutionProperties) = preSolution
		HideSolutionNode = FALSE
	EndGlobalSection
	GlobalSection(ExtensibilityGlobals) = postSolution
		SolutionGuid = {EBD6FFA7-FCF5-4806-931E-C8E0ED809D61}
	EndGlobalSection
EndGlobal
